PODS:
  - BitByteData (1.4.3)
  - PermissionsKit-macOS (1.0.1)
  - SWCompression/TAR (4.5.5):
    - BitByteData (~> 1.4.3)

DEPENDENCIES:
  - PermissionsKit-macOS
  - SWCompression/TAR

SPEC REPOS:
  trunk:
    - BitByteData
    - PermissionsKit-macOS
    - SWCompression

SPEC CHECKSUMS:
  BitByteData: 36729e2125ec321935754f9feb1f4b297e00b501
  PermissionsKit-macOS: ae9f01fc3387e0b34bb25508802a287ffa4110f1
  SWCompression: 2fdd928b49441e69ec87ee61530282dd11fa9c59

PODFILE CHECKSUM: 6c314c809da4e3947d05d2cc614cb53ef0045864

COCOAPODS: 1.9.3
