PODS:
  - PermissionsKit-macOS (1.0.1)
  - Sparkle (1.23.0)

DEPENDENCIES:
  - PermissionsKit-macOS
  - Sparkle

SPEC REPOS:
  trunk:
    - PermissionsKit-macOS
    - Sparkle

SPEC CHECKSUMS:
  PermissionsKit-macOS: ae9f01fc3387e0b34bb25508802a287ffa4110f1
  Sparkle: 55b1a87ba69d56913375a281546b7c82dec95bb0

PODFILE CHECKSUM: eca9e7ef46dd5934e38e8ef51879a6522026bfe4

COCOAPODS: 1.9.3
