// !$*UTF8*$!
{
	archiveVersion = 1;
	classes = {
	};
	objectVersion = 50;
	objects = {

/* Begin PBXBuildFile section */
		BA2645B524C89923008FAF93 /* AppDelegate.swift in Sources */ = {isa = PBXBuildFile; fileRef = BA2645B424C89923008FAF93 /* AppDelegate.swift */; };
		BA2645B724C89923008FAF93 /* LoadingController.swift in Sources */ = {isa = PBXBuildFile; fileRef = BA2645B624C89923008FAF93 /* LoadingController.swift */; };
		BA2645B924C89923008FAF93 /* Assets.xcassets in Resources */ = {isa = PBXBuildFile; fileRef = BA2645B824C89923008FAF93 /* Assets.xcassets */; };
		BA2645BC24C89923008FAF93 /* Main.storyboard in Resources */ = {isa = PBXBuildFile; fileRef = BA2645BA24C89923008FAF93 /* Main.storyboard */; };
		BA2F03CE24C9E24C005153E4 /* NASWindowController.swift in Sources */ = {isa = PBXBuildFile; fileRef = BA2F03CD24C9E24C005153E4 /* NASWindowController.swift */; };
		BA2F03D124C9E77B005153E4 /* PackageManager.swift in Sources */ = {isa = PBXBuildFile; fileRef = BA2F03D024C9E77B005153E4 /* PackageManager.swift */; };
		BA2F03D624C9EC6D005153E4 /* Localizable.strings in Resources */ = {isa = PBXBuildFile; fileRef = BA2F03D424C9EC6D005153E4 /* Localizable.strings */; };
		BAB219BE24D1D12D00174358 /* NotionAccountSwitcherLDBServer in Resources */ = {isa = PBXBuildFile; fileRef = BAB219BC24D1D12D00174358 /* NotionAccountSwitcherLDBServer */; };
		BAB219BF24D1D12D00174358 /* prebuilds in Resources */ = {isa = PBXBuildFile; fileRef = BAB219BD24D1D12D00174358 /* prebuilds */; };
		BAB219C024D1D16E00174358 /* NotionAccountSwitcherLDBServer.bundle in Embed PlugIns */ = {isa = PBXBuildFile; fileRef = BAB219B624D1D0DE00174358 /* NotionAccountSwitcherLDBServer.bundle */; settings = {ATTRIBUTES = (CodeSignOnCopy, RemoveHeadersOnCopy, ); }; };
		BAB219CA24D1D50E00174358 /* LDBServer.swift in Sources */ = {isa = PBXBuildFile; fileRef = BAB219C924D1D50E00174358 /* LDBServer.swift */; };
		E8E3F71E814CA79A670690CE /* Pods_notion_account_switcher.framework in Frameworks */ = {isa = PBXBuildFile; fileRef = 4BFC7400965C414B6895C2AB /* Pods_notion_account_switcher.framework */; };
/* End PBXBuildFile section */

/* Begin PBXContainerItemProxy section */
		BAB219C124D1D16E00174358 /* PBXContainerItemProxy */ = {
			isa = PBXContainerItemProxy;
			containerPortal = BA2645A924C89923008FAF93 /* Project object */;
			proxyType = 1;
			remoteGlobalIDString = BAB219B524D1D0DE00174358;
			remoteInfo = NotionAccountSwitcherLDBServer;
		};
/* End PBXContainerItemProxy section */

/* Begin PBXCopyFilesBuildPhase section */
		BAB219C324D1D16E00174358 /* Embed PlugIns */ = {
			isa = PBXCopyFilesBuildPhase;
			buildActionMask = 2147483647;
			dstPath = "";
			dstSubfolderSpec = 13;
			files = (
				BAB219C024D1D16E00174358 /* NotionAccountSwitcherLDBServer.bundle in Embed PlugIns */,
			);
			name = "Embed PlugIns";
			runOnlyForDeploymentPostprocessing = 0;
		};
/* End PBXCopyFilesBuildPhase section */

/* Begin PBXFileReference section */
		45B6BD2DBBEE3834F56C22BC /* Pods-notion-account-switcher.debug.xcconfig */ = {isa = PBXFileReference; includeInIndex = 1; lastKnownFileType = text.xcconfig; name = "Pods-notion-account-switcher.debug.xcconfig"; path = "Target Support Files/Pods-notion-account-switcher/Pods-notion-account-switcher.debug.xcconfig"; sourceTree = "<group>"; };
		4BFC7400965C414B6895C2AB /* Pods_notion_account_switcher.framework */ = {isa = PBXFileReference; explicitFileType = wrapper.framework; includeInIndex = 0; path = Pods_notion_account_switcher.framework; sourceTree = BUILT_PRODUCTS_DIR; };
		67F4CE9D30DB3089EC7CDED1 /* Pods-notion-account-switcher.release.xcconfig */ = {isa = PBXFileReference; includeInIndex = 1; lastKnownFileType = text.xcconfig; name = "Pods-notion-account-switcher.release.xcconfig"; path = "Target Support Files/Pods-notion-account-switcher/Pods-notion-account-switcher.release.xcconfig"; sourceTree = "<group>"; };
		BA2645B124C89923008FAF93 /* notion-account-switcher.app */ = {isa = PBXFileReference; explicitFileType = wrapper.application; includeInIndex = 0; path = "notion-account-switcher.app"; sourceTree = BUILT_PRODUCTS_DIR; };
		BA2645B424C89923008FAF93 /* AppDelegate.swift */ = {isa = PBXFileReference; lastKnownFileType = sourcecode.swift; path = AppDelegate.swift; sourceTree = "<group>"; };
		BA2645B624C89923008FAF93 /* LoadingController.swift */ = {isa = PBXFileReference; lastKnownFileType = sourcecode.swift; path = LoadingController.swift; sourceTree = "<group>"; };
		BA2645B824C89923008FAF93 /* Assets.xcassets */ = {isa = PBXFileReference; lastKnownFileType = folder.assetcatalog; path = Assets.xcassets; sourceTree = "<group>"; };
		BA2645BB24C89923008FAF93 /* Base */ = {isa = PBXFileReference; lastKnownFileType = file.storyboard; name = Base; path = Base.lproj/Main.storyboard; sourceTree = "<group>"; };
		BA2645BD24C89923008FAF93 /* Info.plist */ = {isa = PBXFileReference; lastKnownFileType = text.plist.xml; path = Info.plist; sourceTree = "<group>"; };
		BA2645BE24C89923008FAF93 /* notion_account_switcher.entitlements */ = {isa = PBXFileReference; lastKnownFileType = text.plist.entitlements; path = notion_account_switcher.entitlements; sourceTree = "<group>"; };
		BA2F03CD24C9E24C005153E4 /* NASWindowController.swift */ = {isa = PBXFileReference; lastKnownFileType = sourcecode.swift; path = NASWindowController.swift; sourceTree = "<group>"; };
		BA2F03D024C9E77B005153E4 /* PackageManager.swift */ = {isa = PBXFileReference; lastKnownFileType = sourcecode.swift; path = PackageManager.swift; sourceTree = "<group>"; };
		BA2F03D324C9EC4B005153E4 /* ko */ = {isa = PBXFileReference; lastKnownFileType = text.plist.strings; name = ko; path = ko.lproj/Main.strings; sourceTree = "<group>"; };
		BA2F03D524C9EC6D005153E4 /* Base */ = {isa = PBXFileReference; lastKnownFileType = text.plist.strings; name = Base; path = Base.lproj/Localizable.strings; sourceTree = "<group>"; };
		BA2F03D824C9EC7E005153E4 /* ko */ = {isa = PBXFileReference; lastKnownFileType = text.plist.strings; name = ko; path = ko.lproj/Localizable.strings; sourceTree = "<group>"; };
		BAB219B624D1D0DE00174358 /* NotionAccountSwitcherLDBServer.bundle */ = {isa = PBXFileReference; explicitFileType = wrapper.cfbundle; includeInIndex = 0; path = NotionAccountSwitcherLDBServer.bundle; sourceTree = BUILT_PRODUCTS_DIR; };
		BAB219B824D1D0DE00174358 /* Info.plist */ = {isa = PBXFileReference; lastKnownFileType = text.plist.xml; path = Info.plist; sourceTree = "<group>"; };
		BAB219BC24D1D12D00174358 /* NotionAccountSwitcherLDBServer */ = {isa = PBXFileReference; lastKnownFileType = "compiled.mach-o.executable"; name = NotionAccountSwitcherLDBServer; path = ../../../LDBServer/NotionAccountSwitcherLDBServer; sourceTree = "<group>"; };
		BAB219BD24D1D12D00174358 /* prebuilds */ = {isa = PBXFileReference; lastKnownFileType = folder; name = prebuilds; path = ../../../LDBServer/prebuilds; sourceTree = "<group>"; };
		BAB219C924D1D50E00174358 /* LDBServer.swift */ = {isa = PBXFileReference; lastKnownFileType = sourcecode.swift; path = LDBServer.swift; sourceTree = "<group>"; };
/* End PBXFileReference section */

/* Begin PBXFrameworksBuildPhase section */
		BA2645AE24C89923008FAF93 /* Frameworks */ = {
			isa = PBXFrameworksBuildPhase;
			buildActionMask = 2147483647;
			files = (
				E8E3F71E814CA79A670690CE /* Pods_notion_account_switcher.framework in Frameworks */,
			);
			runOnlyForDeploymentPostprocessing = 0;
		};
		BAB219B324D1D0DE00174358 /* Frameworks */ = {
			isa = PBXFrameworksBuildPhase;
			buildActionMask = 2147483647;
			files = (
			);
			runOnlyForDeploymentPostprocessing = 0;
		};
/* End PBXFrameworksBuildPhase section */

/* Begin PBXGroup section */
		AFB88271115FD03590158E45 /* Pods */ = {
			isa = PBXGroup;
			children = (
				45B6BD2DBBEE3834F56C22BC /* Pods-notion-account-switcher.debug.xcconfig */,
				67F4CE9D30DB3089EC7CDED1 /* Pods-notion-account-switcher.release.xcconfig */,
			);
			path = Pods;
			sourceTree = "<group>";
		};
		B33DF8AA9276EE1358D381A5 /* Frameworks */ = {
			isa = PBXGroup;
			children = (
				4BFC7400965C414B6895C2AB /* Pods_notion_account_switcher.framework */,
			);
			name = Frameworks;
			sourceTree = "<group>";
		};
		BA2645A824C89923008FAF93 = {
			isa = PBXGroup;
			children = (
				BA2645B324C89923008FAF93 /* notion-account-switcher */,
				BAB219B724D1D0DE00174358 /* NotionAccountSwitcherLDBServer */,
				BA2645B224C89923008FAF93 /* Products */,
				AFB88271115FD03590158E45 /* Pods */,
				B33DF8AA9276EE1358D381A5 /* Frameworks */,
			);
			sourceTree = "<group>";
		};
		BA2645B224C89923008FAF93 /* Products */ = {
			isa = PBXGroup;
			children = (
				BA2645B124C89923008FAF93 /* notion-account-switcher.app */,
				BAB219B624D1D0DE00174358 /* NotionAccountSwitcherLDBServer.bundle */,
			);
			name = Products;
			sourceTree = "<group>";
		};
		BA2645B324C89923008FAF93 /* notion-account-switcher */ = {
			isa = PBXGroup;
			children = (
				BA2F03CF24C9E724005153E4 /* Utility */,
				BA2F03CC24C9E228005153E4 /* View Controllers */,
				BA2645B424C89923008FAF93 /* AppDelegate.swift */,
				BA2645B824C89923008FAF93 /* Assets.xcassets */,
				BA2645BA24C89923008FAF93 /* Main.storyboard */,
				BA2645BD24C89923008FAF93 /* Info.plist */,
				BA2645BE24C89923008FAF93 /* notion_account_switcher.entitlements */,
				BA2F03D424C9EC6D005153E4 /* Localizable.strings */,
			);
			path = "notion-account-switcher";
			sourceTree = "<group>";
		};
		BA2F03CC24C9E228005153E4 /* View Controllers */ = {
			isa = PBXGroup;
			children = (
				BA2645B624C89923008FAF93 /* LoadingController.swift */,
				BA2F03CD24C9E24C005153E4 /* NASWindowController.swift */,
			);
			name = "View Controllers";
			sourceTree = "<group>";
		};
		BA2F03CF24C9E724005153E4 /* Utility */ = {
			isa = PBXGroup;
			children = (
				BA2F03D024C9E77B005153E4 /* PackageManager.swift */,
				BAB219C924D1D50E00174358 /* LDBServer.swift */,
			);
			path = Utility;
			sourceTree = "<group>";
		};
		BAB219B724D1D0DE00174358 /* NotionAccountSwitcherLDBServer */ = {
			isa = PBXGroup;
			children = (
				BAB219BC24D1D12D00174358 /* NotionAccountSwitcherLDBServer */,
				BAB219BD24D1D12D00174358 /* prebuilds */,
				BAB219B824D1D0DE00174358 /* Info.plist */,
			);
			path = NotionAccountSwitcherLDBServer;
			sourceTree = "<group>";
		};
/* End PBXGroup section */

/* Begin PBXNativeTarget section */
		BA2645B024C89923008FAF93 /* notion-account-switcher */ = {
			isa = PBXNativeTarget;
			buildConfigurationList = BA2645C124C89923008FAF93 /* Build configuration list for PBXNativeTarget "notion-account-switcher" */;
			buildPhases = (
				FA7BAEF69F35DCB4B8F736D5 /* [CP] Check Pods Manifest.lock */,
				BA2645AD24C89923008FAF93 /* Sources */,
				BA2645AE24C89923008FAF93 /* Frameworks */,
				BA2645AF24C89923008FAF93 /* Resources */,
				BAB219C324D1D16E00174358 /* Embed PlugIns */,
			);
			buildRules = (
			);
			dependencies = (
				BAB219C224D1D16E00174358 /* PBXTargetDependency */,
			);
			name = "notion-account-switcher";
			productName = "notion-account-switcher";
			productReference = BA2645B124C89923008FAF93 /* notion-account-switcher.app */;
			productType = "com.apple.product-type.application";
		};
		BAB219B524D1D0DE00174358 /* NotionAccountSwitcherLDBServer */ = {
			isa = PBXNativeTarget;
			buildConfigurationList = BAB219BB24D1D0DE00174358 /* Build configuration list for PBXNativeTarget "NotionAccountSwitcherLDBServer" */;
			buildPhases = (
				BAB219B224D1D0DE00174358 /* Sources */,
				BAB219B324D1D0DE00174358 /* Frameworks */,
				BAB219B424D1D0DE00174358 /* Resources */,
			);
			buildRules = (
			);
			dependencies = (
			);
			name = NotionAccountSwitcherLDBServer;
			productName = NotionAccountSwitcherLDBServer;
			productReference = BAB219B624D1D0DE00174358 /* NotionAccountSwitcherLDBServer.bundle */;
			productType = "com.apple.product-type.bundle";
		};
/* End PBXNativeTarget section */

/* Begin PBXProject section */
		BA2645A924C89923008FAF93 /* Project object */ = {
			isa = PBXProject;
			attributes = {
				LastSwiftUpdateCheck = 1160;
				LastUpgradeCheck = 1160;
				ORGANIZATIONNAME = "Dora Lee";
				TargetAttributes = {
					BA2645B024C89923008FAF93 = {
						CreatedOnToolsVersion = 11.6;
					};
					BAB219B524D1D0DE00174358 = {
						CreatedOnToolsVersion = 11.6;
						LastSwiftMigration = 1160;
					};
				};
			};
			buildConfigurationList = BA2645AC24C89923008FAF93 /* Build configuration list for PBXProject "notion-account-switcher" */;
			compatibilityVersion = "Xcode 9.3";
			developmentRegion = en;
			hasScannedForEncodings = 0;
			knownRegions = (
				en,
				Base,
				ko,
			);
			mainGroup = BA2645A824C89923008FAF93;
			productRefGroup = BA2645B224C89923008FAF93 /* Products */;
			projectDirPath = "";
			projectRoot = "";
			targets = (
				BA2645B024C89923008FAF93 /* notion-account-switcher */,
				BAB219B524D1D0DE00174358 /* NotionAccountSwitcherLDBServer */,
			);
		};
/* End PBXProject section */

/* Begin PBXResourcesBuildPhase section */
		BA2645AF24C89923008FAF93 /* Resources */ = {
			isa = PBXResourcesBuildPhase;
			buildActionMask = 2147483647;
			files = (
				BA2645B924C89923008FAF93 /* Assets.xcassets in Resources */,
				BA2F03D624C9EC6D005153E4 /* Localizable.strings in Resources */,
				BA2645BC24C89923008FAF93 /* Main.storyboard in Resources */,
			);
			runOnlyForDeploymentPostprocessing = 0;
		};
		BAB219B424D1D0DE00174358 /* Resources */ = {
			isa = PBXResourcesBuildPhase;
			buildActionMask = 2147483647;
			files = (
				BAB219BE24D1D12D00174358 /* NotionAccountSwitcherLDBServer in Resources */,
				BAB219BF24D1D12D00174358 /* prebuilds in Resources */,
			);
			runOnlyForDeploymentPostprocessing = 0;
		};
/* End PBXResourcesBuildPhase section */

/* Begin PBXShellScriptBuildPhase section */
		FA7BAEF69F35DCB4B8F736D5 /* [CP] Check Pods Manifest.lock */ = {
			isa = PBXShellScriptBuildPhase;
			buildActionMask = 2147483647;
			files = (
			);
			inputFileListPaths = (
			);
			inputPaths = (
				"${PODS_PODFILE_DIR_PATH}/Podfile.lock",
				"${PODS_ROOT}/Manifest.lock",
			);
			name = "[CP] Check Pods Manifest.lock";
			outputFileListPaths = (
			);
			outputPaths = (
				"$(DERIVED_FILE_DIR)/Pods-notion-account-switcher-checkManifestLockResult.txt",
			);
			runOnlyForDeploymentPostprocessing = 0;
			shellPath = /bin/sh;
			shellScript = "diff \"${PODS_PODFILE_DIR_PATH}/Podfile.lock\" \"${PODS_ROOT}/Manifest.lock\" > /dev/null\nif [ $? != 0 ] ; then\n    # print error to STDERR\n    echo \"error: The sandbox is not in sync with the Podfile.lock. Run 'pod install' or update your CocoaPods installation.\" >&2\n    exit 1\nfi\n# This output is used by Xcode 'outputs' to avoid re-running this script phase.\necho \"SUCCESS\" > \"${SCRIPT_OUTPUT_FILE_0}\"\n";
			showEnvVarsInLog = 0;
		};
/* End PBXShellScriptBuildPhase section */

/* Begin PBXSourcesBuildPhase section */
		BA2645AD24C89923008FAF93 /* Sources */ = {
			isa = PBXSourcesBuildPhase;
			buildActionMask = 2147483647;
			files = (
				BA2645B724C89923008FAF93 /* LoadingController.swift in Sources */,
				BA2F03CE24C9E24C005153E4 /* NASWindowController.swift in Sources */,
				BAB219CA24D1D50E00174358 /* LDBServer.swift in Sources */,
				BA2F03D124C9E77B005153E4 /* PackageManager.swift in Sources */,
				BA2645B524C89923008FAF93 /* AppDelegate.swift in Sources */,
			);
			runOnlyForDeploymentPostprocessing = 0;
		};
		BAB219B224D1D0DE00174358 /* Sources */ = {
			isa = PBXSourcesBuildPhase;
			buildActionMask = 2147483647;
			files = (
			);
			runOnlyForDeploymentPostprocessing = 0;
		};
/* End PBXSourcesBuildPhase section */

/* Begin PBXTargetDependency section */
		BAB219C224D1D16E00174358 /* PBXTargetDependency */ = {
			isa = PBXTargetDependency;
			target = BAB219B524D1D0DE00174358 /* NotionAccountSwitcherLDBServer */;
			targetProxy = BAB219C124D1D16E00174358 /* PBXContainerItemProxy */;
		};
/* End PBXTargetDependency section */

/* Begin PBXVariantGroup section */
		BA2645BA24C89923008FAF93 /* Main.storyboard */ = {
			isa = PBXVariantGroup;
			children = (
				BA2645BB24C89923008FAF93 /* Base */,
				BA2F03D324C9EC4B005153E4 /* ko */,
			);
			name = Main.storyboard;
			sourceTree = "<group>";
		};
		BA2F03D424C9EC6D005153E4 /* Localizable.strings */ = {
			isa = PBXVariantGroup;
			children = (
				BA2F03D524C9EC6D005153E4 /* Base */,
				BA2F03D824C9EC7E005153E4 /* ko */,
			);
			name = Localizable.strings;
			sourceTree = "<group>";
		};
/* End PBXVariantGroup section */

/* Begin XCBuildConfiguration section */
		BA2645BF24C89923008FAF93 /* Debug */ = {
			isa = XCBuildConfiguration;
			buildSettings = {
				ALWAYS_SEARCH_USER_PATHS = NO;
				CLANG_ANALYZER_LOCALIZABILITY_NONLOCALIZED = YES;
				CLANG_ANALYZER_NONNULL = YES;
				CLANG_ANALYZER_NUMBER_OBJECT_CONVERSION = YES_AGGRESSIVE;
				CLANG_CXX_LANGUAGE_STANDARD = "gnu++14";
				CLANG_CXX_LIBRARY = "libc++";
				CLANG_ENABLE_MODULES = YES;
				CLANG_ENABLE_OBJC_ARC = YES;
				CLANG_ENABLE_OBJC_WEAK = YES;
				CLANG_WARN_BLOCK_CAPTURE_AUTORELEASING = YES;
				CLANG_WARN_BOOL_CONVERSION = YES;
				CLANG_WARN_COMMA = YES;
				CLANG_WARN_CONSTANT_CONVERSION = YES;
				CLANG_WARN_DEPRECATED_OBJC_IMPLEMENTATIONS = YES;
				CLANG_WARN_DIRECT_OBJC_ISA_USAGE = YES_ERROR;
				CLANG_WARN_DOCUMENTATION_COMMENTS = YES;
				CLANG_WARN_EMPTY_BODY = YES;
				CLANG_WARN_ENUM_CONVERSION = YES;
				CLANG_WARN_INFINITE_RECURSION = YES;
				CLANG_WARN_INT_CONVERSION = YES;
				CLANG_WARN_NON_LITERAL_NULL_CONVERSION = YES;
				CLANG_WARN_OBJC_IMPLICIT_RETAIN_SELF = YES;
				CLANG_WARN_OBJC_LITERAL_CONVERSION = YES;
				CLANG_WARN_OBJC_ROOT_CLASS = YES_ERROR;
				CLANG_WARN_RANGE_LOOP_ANALYSIS = YES;
				CLANG_WARN_STRICT_PROTOTYPES = YES;
				CLANG_WARN_SUSPICIOUS_MOVE = YES;
				CLANG_WARN_UNGUARDED_AVAILABILITY = YES_AGGRESSIVE;
				CLANG_WARN_UNREACHABLE_CODE = YES;
				CLANG_WARN__DUPLICATE_METHOD_MATCH = YES;
				COPY_PHASE_STRIP = NO;
				DEBUG_INFORMATION_FORMAT = dwarf;
				ENABLE_STRICT_OBJC_MSGSEND = YES;
				ENABLE_TESTABILITY = YES;
				GCC_C_LANGUAGE_STANDARD = gnu11;
				GCC_DYNAMIC_NO_PIC = NO;
				GCC_NO_COMMON_BLOCKS = YES;
				GCC_OPTIMIZATION_LEVEL = 0;
				GCC_PREPROCESSOR_DEFINITIONS = (
					"DEBUG=1",
					"$(inherited)",
				);
				GCC_WARN_64_TO_32_BIT_CONVERSION = YES;
				GCC_WARN_ABOUT_RETURN_TYPE = YES_ERROR;
				GCC_WARN_UNDECLARED_SELECTOR = YES;
				GCC_WARN_UNINITIALIZED_AUTOS = YES_AGGRESSIVE;
				GCC_WARN_UNUSED_FUNCTION = YES;
				GCC_WARN_UNUSED_VARIABLE = YES;
				MACOSX_DEPLOYMENT_TARGET = 10.15;
				MTL_ENABLE_DEBUG_INFO = INCLUDE_SOURCE;
				MTL_FAST_MATH = YES;
				ONLY_ACTIVE_ARCH = YES;
				SDKROOT = macosx;
				SWIFT_ACTIVE_COMPILATION_CONDITIONS = DEBUG;
				SWIFT_OPTIMIZATION_LEVEL = "-Onone";
			};
			name = Debug;
		};
		BA2645C024C89923008FAF93 /* Release */ = {
			isa = XCBuildConfiguration;
			buildSettings = {
				ALWAYS_SEARCH_USER_PATHS = NO;
				CLANG_ANALYZER_LOCALIZABILITY_NONLOCALIZED = YES;
				CLANG_ANALYZER_NONNULL = YES;
				CLANG_ANALYZER_NUMBER_OBJECT_CONVERSION = YES_AGGRESSIVE;
				CLANG_CXX_LANGUAGE_STANDARD = "gnu++14";
				CLANG_CXX_LIBRARY = "libc++";
				CLANG_ENABLE_MODULES = YES;
				CLANG_ENABLE_OBJC_ARC = YES;
				CLANG_ENABLE_OBJC_WEAK = YES;
				CLANG_WARN_BLOCK_CAPTURE_AUTORELEASING = YES;
				CLANG_WARN_BOOL_CONVERSION = YES;
				CLANG_WARN_COMMA = YES;
				CLANG_WARN_CONSTANT_CONVERSION = YES;
				CLANG_WARN_DEPRECATED_OBJC_IMPLEMENTATIONS = YES;
				CLANG_WARN_DIRECT_OBJC_ISA_USAGE = YES_ERROR;
				CLANG_WARN_DOCUMENTATION_COMMENTS = YES;
				CLANG_WARN_EMPTY_BODY = YES;
				CLANG_WARN_ENUM_CONVERSION = YES;
				CLANG_WARN_INFINITE_RECURSION = YES;
				CLANG_WARN_INT_CONVERSION = YES;
				CLANG_WARN_NON_LITERAL_NULL_CONVERSION = YES;
				CLANG_WARN_OBJC_IMPLICIT_RETAIN_SELF = YES;
				CLANG_WARN_OBJC_LITERAL_CONVERSION = YES;
				CLANG_WARN_OBJC_ROOT_CLASS = YES_ERROR;
				CLANG_WARN_RANGE_LOOP_ANALYSIS = YES;
				CLANG_WARN_STRICT_PROTOTYPES = YES;
				CLANG_WARN_SUSPICIOUS_MOVE = YES;
				CLANG_WARN_UNGUARDED_AVAILABILITY = YES_AGGRESSIVE;
				CLANG_WARN_UNREACHABLE_CODE = YES;
				CLANG_WARN__DUPLICATE_METHOD_MATCH = YES;
				COPY_PHASE_STRIP = NO;
				DEBUG_INFORMATION_FORMAT = "dwarf-with-dsym";
				ENABLE_NS_ASSERTIONS = NO;
				ENABLE_STRICT_OBJC_MSGSEND = YES;
				GCC_C_LANGUAGE_STANDARD = gnu11;
				GCC_NO_COMMON_BLOCKS = YES;
				GCC_WARN_64_TO_32_BIT_CONVERSION = YES;
				GCC_WARN_ABOUT_RETURN_TYPE = YES_ERROR;
				GCC_WARN_UNDECLARED_SELECTOR = YES;
				GCC_WARN_UNINITIALIZED_AUTOS = YES_AGGRESSIVE;
				GCC_WARN_UNUSED_FUNCTION = YES;
				GCC_WARN_UNUSED_VARIABLE = YES;
				MACOSX_DEPLOYMENT_TARGET = 10.15;
				MTL_ENABLE_DEBUG_INFO = NO;
				MTL_FAST_MATH = YES;
				SDKROOT = macosx;
				SWIFT_COMPILATION_MODE = wholemodule;
				SWIFT_OPTIMIZATION_LEVEL = "-O";
			};
			name = Release;
		};
		BA2645C224C89923008FAF93 /* Debug */ = {
			isa = XCBuildConfiguration;
			baseConfigurationReference = 45B6BD2DBBEE3834F56C22BC /* Pods-notion-account-switcher.debug.xcconfig */;
			buildSettings = {
				ASSETCATALOG_COMPILER_APPICON_NAME = AppIcon;
				CODE_SIGN_ENTITLEMENTS = "notion-account-switcher/notion_account_switcher.entitlements";
				CODE_SIGN_STYLE = Automatic;
				COMBINE_HIDPI_IMAGES = YES;
				DEVELOPMENT_TEAM = T7Q559P978;
				ENABLE_HARDENED_RUNTIME = YES;
				INFOPLIST_FILE = "notion-account-switcher/Info.plist";
				LD_RUNPATH_SEARCH_PATHS = (
					"$(inherited)",
					"@executable_path/../Frameworks",
				);
				MACOSX_DEPLOYMENT_TARGET = 10.10;
				PRODUCT_BUNDLE_IDENTIFIER = io.sanghun.notion.account.switcher;
				PRODUCT_NAME = "$(TARGET_NAME)";
				SWIFT_VERSION = 5.0;
			};
			name = Debug;
		};
		BA2645C324C89923008FAF93 /* Release */ = {
			isa = XCBuildConfiguration;
			baseConfigurationReference = 67F4CE9D30DB3089EC7CDED1 /* Pods-notion-account-switcher.release.xcconfig */;
			buildSettings = {
				ASSETCATALOG_COMPILER_APPICON_NAME = AppIcon;
				CODE_SIGN_ENTITLEMENTS = "notion-account-switcher/notion_account_switcher.entitlements";
				CODE_SIGN_STYLE = Automatic;
				COMBINE_HIDPI_IMAGES = YES;
				DEVELOPMENT_TEAM = T7Q559P978;
				ENABLE_HARDENED_RUNTIME = YES;
				INFOPLIST_FILE = "notion-account-switcher/Info.plist";
				LD_RUNPATH_SEARCH_PATHS = (
					"$(inherited)",
					"@executable_path/../Frameworks",
				);
				MACOSX_DEPLOYMENT_TARGET = 10.10;
				PRODUCT_BUNDLE_IDENTIFIER = io.sanghun.notion.account.switcher;
				PRODUCT_NAME = "$(TARGET_NAME)";
				SWIFT_VERSION = 5.0;
			};
			name = Release;
		};
		BAB219B924D1D0DE00174358 /* Debug */ = {
			isa = XCBuildConfiguration;
			buildSettings = {
				CLANG_ENABLE_MODULES = NO;
				CODE_SIGN_STYLE = Automatic;
				COMBINE_HIDPI_IMAGES = YES;
				DEVELOPMENT_TEAM = T7Q559P978;
				INFOPLIST_FILE = NotionAccountSwitcherLDBServer/Info.plist;
				INSTALL_PATH = "$(LOCAL_LIBRARY_DIR)/Bundles";
				LD_RUNPATH_SEARCH_PATHS = (
					"$(inherited)",
					"@executable_path/../Frameworks",
					"@loader_path/../Frameworks",
				);
				MACOSX_DEPLOYMENT_TARGET = 10.10;
				MARKETING_VERSION = 0.7.0;
				PRODUCT_BUNDLE_IDENTIFIER = io.sanghun.notion.account.switcher.ldb.server;
				PRODUCT_NAME = "$(TARGET_NAME)";
				SKIP_INSTALL = YES;
				SWIFT_OBJC_BRIDGING_HEADER = "NotionAccountSwitcherLDBServer/NotionAccountSwitcherLDBServer-Bridging-Header.h";
				SWIFT_OPTIMIZATION_LEVEL = "-Onone";
				SWIFT_VERSION = 5.0;
				WRAPPER_EXTENSION = bundle;
			};
			name = Debug;
		};
		BAB219BA24D1D0DE00174358 /* Release */ = {
			isa = XCBuildConfiguration;
			buildSettings = {
				CLANG_ENABLE_MODULES = NO;
				CODE_SIGN_STYLE = Automatic;
				COMBINE_HIDPI_IMAGES = YES;
				DEVELOPMENT_TEAM = T7Q559P978;
				INFOPLIST_FILE = NotionAccountSwitcherLDBServer/Info.plist;
				INSTALL_PATH = "$(LOCAL_LIBRARY_DIR)/Bundles";
				LD_RUNPATH_SEARCH_PATHS = (
					"$(inherited)",
					"@executable_path/../Frameworks",
					"@loader_path/../Frameworks",
				);
				MACOSX_DEPLOYMENT_TARGET = 10.10;
				MARKETING_VERSION = 0.7.0;
				PRODUCT_BUNDLE_IDENTIFIER = io.sanghun.notion.account.switcher.ldb.server;
				PRODUCT_NAME = "$(TARGET_NAME)";
				SKIP_INSTALL = YES;
				SWIFT_OBJC_BRIDGING_HEADER = "NotionAccountSwitcherLDBServer/NotionAccountSwitcherLDBServer-Bridging-Header.h";
				SWIFT_VERSION = 5.0;
				WRAPPER_EXTENSION = bundle;
			};
			name = Release;
		};
/* End XCBuildConfiguration section */

/* Begin XCConfigurationList section */
		BA2645AC24C89923008FAF93 /* Build configuration list for PBXProject "notion-account-switcher" */ = {
			isa = XCConfigurationList;
			buildConfigurations = (
				BA2645BF24C89923008FAF93 /* Debug */,
				BA2645C024C89923008FAF93 /* Release */,
			);
			defaultConfigurationIsVisible = 0;
			defaultConfigurationName = Release;
		};
		BA2645C124C89923008FAF93 /* Build configuration list for PBXNativeTarget "notion-account-switcher" */ = {
			isa = XCConfigurationList;
			buildConfigurations = (
				BA2645C224C89923008FAF93 /* Debug */,
				BA2645C324C89923008FAF93 /* Release */,
			);
			defaultConfigurationIsVisible = 0;
			defaultConfigurationName = Release;
		};
		BAB219BB24D1D0DE00174358 /* Build configuration list for PBXNativeTarget "NotionAccountSwitcherLDBServer" */ = {
			isa = XCConfigurationList;
			buildConfigurations = (
				BAB219B924D1D0DE00174358 /* Debug */,
				BAB219BA24D1D0DE00174358 /* Release */,
			);
			defaultConfigurationIsVisible = 0;
			defaultConfigurationName = Release;
		};
/* End XCConfigurationList section */
	};
	rootObject = BA2645A924C89923008FAF93 /* Project object */;
}
